
Microsoft Visual Studio Solution File, Format Version 12.00
# Visual Studio Version 16
VisualStudioVersion = 16.0.30523.141
MinimumVisualStudioVersion = 10.0.40219.1
Project("{FAE04EC0-301F-11D3-BF4B-00C04F79EFBC}") = "DynamicComponent", "DynamicComponent\DynamicComponent.csproj", "{4CB8CB0C-8929-4113-B6CC-61AD347CE133}"
EndProject
Global
	GlobalSection(SolutionConfigurationPlatforms) = preSolution
		Debug|Any CPU = Debug|Any CPU
		Release|Any CPU = Release|Any CPU
	EndGlobalSection
	GlobalSection(ProjectConfigurationPlatforms) = postSolution
		{4CB8CB0C-8929-4113-B6CC-61AD347CE133}.Debug|Any CPU.ActiveCfg = Debug|Any CPU
		{4CB8CB0C-8929-4113-B6CC-61AD347CE133}.Debug|Any CPU.Build.0 = Debug|Any CPU
		{4CB8CB0C-8929-4113-B6CC-61AD347CE133}.Release|Any CPU.ActiveCfg = Release|Any CPU
		{4CB8CB0C-8929-4113-B6CC-61AD347CE133}.Release|Any CPU.Build.0 = Release|Any CPU
	EndGlobalSection
	GlobalSection(SolutionProperties) = preSolution
		HideSolutionNode = FALSE
	EndGlobalSection
	GlobalSection(ExtensibilityGlobals) = postSolution
		SolutionGuid = {93E5E957-C804-4DA4-90FE-F0DB03C43E38}
	EndGlobalSection
EndGlobal
