
Microsoft Visual Studio Solution File, Format Version 12.00
# Visual Studio Version 16
VisualStudioVersion = 16.0.30523.141
MinimumVisualStudioVersion = 10.0.40219.1
Project("{FAE04EC0-301F-11D3-BF4B-00C04F79EFBC}") = "StateManagement", "StateManagement\StateManagement.csproj", "{EFAE1EE3-B955-4F49-93C3-88C5238913EF}"
EndProject
Global
	GlobalSection(SolutionConfigurationPlatforms) = preSolution
		Debug|Any CPU = Debug|Any CPU
		Release|Any CPU = Release|Any CPU
	EndGlobalSection
	GlobalSection(ProjectConfigurationPlatforms) = postSolution
		{EFAE1EE3-B955-4F49-93C3-88C5238913EF}.Debug|Any CPU.ActiveCfg = Debug|Any CPU
		{EFAE1EE3-B955-4F49-93C3-88C5238913EF}.Debug|Any CPU.Build.0 = Debug|Any CPU
		{EFAE1EE3-B955-4F49-93C3-88C5238913EF}.Release|Any CPU.ActiveCfg = Release|Any CPU
		{EFAE1EE3-B955-4F49-93C3-88C5238913EF}.Release|Any CPU.Build.0 = Release|Any CPU
	EndGlobalSection
	GlobalSection(SolutionProperties) = preSolution
		HideSolutionNode = FALSE
	EndGlobalSection
	GlobalSection(ExtensibilityGlobals) = postSolution
		SolutionGuid = {3C2E1C42-C846-4E82-A12C-2CF8257D78E4}
	EndGlobalSection
EndGlobal
