
Microsoft Visual Studio Solution File, Format Version 12.00
# Visual Studio Version 16
VisualStudioVersion = 16.0.30523.141
MinimumVisualStudioVersion = 10.0.40219.1
Project("{FAE04EC0-301F-11D3-BF4B-00C04F79EFBC}") = "CreateRouter", "CreateRouter\CreateRouter.csproj", "{BECD27A3-F4CD-40ED-B419-FE5BB24483A5}"
EndProject
Global
	GlobalSection(SolutionConfigurationPlatforms) = preSolution
		Debug|Any CPU = Debug|Any CPU
		Release|Any CPU = Release|Any CPU
	EndGlobalSection
	GlobalSection(ProjectConfigurationPlatforms) = postSolution
		{BECD27A3-F4CD-40ED-B419-FE5BB24483A5}.Debug|Any CPU.ActiveCfg = Debug|Any CPU
		{BECD27A3-F4CD-40ED-B419-FE5BB24483A5}.Debug|Any CPU.Build.0 = Debug|Any CPU
		{BECD27A3-F4CD-40ED-B419-FE5BB24483A5}.Release|Any CPU.ActiveCfg = Release|Any CPU
		{BECD27A3-F4CD-40ED-B419-FE5BB24483A5}.Release|Any CPU.Build.0 = Release|Any CPU
	EndGlobalSection
	GlobalSection(SolutionProperties) = preSolution
		HideSolutionNode = FALSE
	EndGlobalSection
	GlobalSection(ExtensibilityGlobals) = postSolution
		SolutionGuid = {46BFB7D3-1ECC-429F-AE09-FFD67565EC35}
	EndGlobalSection
EndGlobal
